
Microsoft Visual Studio Solution File, Format Version 12.00
# Visual Studio Version 16
VisualStudioVersion = 16.0.30907.101
MinimumVisualStudioVersion = 10.0.40219.1
Project("{FAE04EC0-301F-11D3-BF4B-00C04F79EFBC}") = "LootSystem", "LootSystem.csproj", "{3C5C022E-4E68-4E70-990E-864B98C86ECE}"
EndProject
Global
	GlobalSection(SolutionConfigurationPlatforms) = preSolution
		Debug|Any CPU = Debug|Any CPU
		Release|Any CPU = Release|Any CPU
	EndGlobalSection
	GlobalSection(ProjectConfigurationPlatforms) = postSolution
		{3C5C022E-4E68-4E70-990E-864B98C86ECE}.Debug|Any CPU.ActiveCfg = Debug|Any CPU
		{3C5C022E-4E68-4E70-990E-864B98C86ECE}.Debug|Any CPU.Build.0 = Debug|Any CPU
		{3C5C022E-4E68-4E70-990E-864B98C86ECE}.Release|Any CPU.ActiveCfg = Release|Any CPU
		{3C5C022E-4E68-4E70-990E-864B98C86ECE}.Release|Any CPU.Build.0 = Release|Any CPU
	EndGlobalSection
	GlobalSection(SolutionProperties) = preSolution
		HideSolutionNode = FALSE
	EndGlobalSection
	GlobalSection(ExtensibilityGlobals) = postSolution
		SolutionGuid = {2A768B37-47E1-46F6-B836-375978E61D1C}
	EndGlobalSection
EndGlobal
